// !$*UTF8*$!
{
	archiveVersion = 1;
	classes = {
	};
	objectVersion = 50;
	objects = {

/* Begin PBXBuildFile section */
		183920B0210F7ED100E0D860 /* OrManData.xcdatamodeld in Sources */ = {isa = PBXBuildFile; fileRef = 183920AE210F7ED100E0D860 /* OrManData.xcdatamodeld */; };
		183920B2210F82A300E0D860 /* OrderViewController.swift in Sources */ = {isa = PBXBuildFile; fileRef = 183920B1210F82A300E0D860 /* OrderViewController.swift */; };
		18A33D3C210CAC9C0050B5B8 /* LaunchScreen.storyboard in Resources */ = {isa = PBXBuildFile; fileRef = 18A33D3B210CAC9C0050B5B8 /* LaunchScreen.storyboard */; };
		18D05104210B909000DC4405 /* AppDelegate.swift in Sources */ = {isa = PBXBuildFile; fileRef = 18D05103210B909000DC4405 /* AppDelegate.swift */; };
		18D05106210B909000DC4405 /* CustomerViewController.swift in Sources */ = {isa = PBXBuildFile; fileRef = 18D05105210B909000DC4405 /* CustomerViewController.swift */; };
		18D05109210B909000DC4405 /* Main.storyboard in Resources */ = {isa = PBXBuildFile; fileRef = 18D05107210B909000DC4405 /* Main.storyboard */; };
		18D0510E210B909100DC4405 /* Assets.xcassets in Resources */ = {isa = PBXBuildFile; fileRef = 18D0510D210B909100DC4405 /* Assets.xcassets */; };
/* End PBXBuildFile section */

/* Begin PBXFileReference section */
		183920AF210F7ED100E0D860 /* OrManData.xcdatamodel */ = {isa = PBXFileReference; lastKnownFileType = wrapper.xcdatamodel; path = OrManData.xcdatamodel; sourceTree = "<group>"; };
		183920B1210F82A300E0D860 /* OrderViewController.swift */ = {isa = PBXFileReference; lastKnownFileType = sourcecode.swift; path = OrderViewController.swift; sourceTree = "<group>"; };
		18A33D3B210CAC9C0050B5B8 /* LaunchScreen.storyboard */ = {isa = PBXFileReference; lastKnownFileType = file.storyboard; path = LaunchScreen.storyboard; sourceTree = "<group>"; };
		18D05100210B909000DC4405 /* OrMan.app */ = {isa = PBXFileReference; explicitFileType = wrapper.application; includeInIndex = 0; path = OrMan.app; sourceTree = BUILT_PRODUCTS_DIR; };
		18D05103210B909000DC4405 /* AppDelegate.swift */ = {isa = PBXFileReference; lastKnownFileType = sourcecode.swift; path = AppDelegate.swift; sourceTree = "<group>"; };
		18D05105210B909000DC4405 /* CustomerViewController.swift */ = {isa = PBXFileReference; lastKnownFileType = sourcecode.swift; path = CustomerViewController.swift; sourceTree = "<group>"; };
		18D05108210B909000DC4405 /* Base */ = {isa = PBXFileReference; lastKnownFileType = file.storyboard; name = Base; path = Base.lproj/Main.storyboard; sourceTree = "<group>"; };
		18D0510D210B909100DC4405 /* Assets.xcassets */ = {isa = PBXFileReference; lastKnownFileType = folder.assetcatalog; path = Assets.xcassets; sourceTree = "<group>"; };
		18D05112210B909100DC4405 /* Info.plist */ = {isa = PBXFileReference; lastKnownFileType = text.plist.xml; path = Info.plist; sourceTree = "<group>"; };
/* End PBXFileReference section */

/* Begin PBXFrameworksBuildPhase section */
		18D050FD210B909000DC4405 /* Frameworks */ = {
			isa = PBXFrameworksBuildPhase;
			buildActionMask = 2147483647;
			files = (
			);
			runOnlyForDeploymentPostprocessing = 0;
		};
/* End PBXFrameworksBuildPhase section */

/* Begin PBXGroup section */
		18D050F7210B909000DC4405 = {
			isa = PBXGroup;
			children = (
				18D05102210B909000DC4405 /* OrMan */,
				18D05101210B909000DC4405 /* Products */,
			);
			sourceTree = "<group>";
		};
		18D05101210B909000DC4405 /* Products */ = {
			isa = PBXGroup;
			children = (
				18D05100210B909000DC4405 /* OrMan.app */,
			);
			name = Products;
			sourceTree = "<group>";
		};
		18D05102210B909000DC4405 /* OrMan */ = {
			isa = PBXGroup;
			children = (
				18D05103210B909000DC4405 /* AppDelegate.swift */,
				18D05105210B909000DC4405 /* CustomerViewController.swift */,
				183920B1210F82A300E0D860 /* OrderViewController.swift */,
				18A33D3B210CAC9C0050B5B8 /* LaunchScreen.storyboard */,
				18D05107210B909000DC4405 /* Main.storyboard */,
				18D0510D210B909100DC4405 /* Assets.xcassets */,
				18D05112210B909100DC4405 /* Info.plist */,
				183920AE210F7ED100E0D860 /* OrManData.xcdatamodeld */,
			);
			path = OrMan;
			sourceTree = "<group>";
		};
/* End PBXGroup section */

/* Begin PBXNativeTarget section */
		18D050FF210B909000DC4405 /* OrMan */ = {
			isa = PBXNativeTarget;
			buildConfigurationList = 18D05115210B909100DC4405 /* Build configuration list for PBXNativeTarget "OrMan" */;
			buildPhases = (
				18D050FC210B909000DC4405 /* Sources */,
				18D050FD210B909000DC4405 /* Frameworks */,
				18D050FE210B909000DC4405 /* Resources */,
			);
			buildRules = (
			);
			dependencies = (
			);
			name = OrMan;
			productName = OrMan;
			productReference = 18D05100210B909000DC4405 /* OrMan.app */;
			productType = "com.apple.product-type.application";
		};
/* End PBXNativeTarget section */

/* Begin PBXProject section */
		18D050F8210B909000DC4405 /* Project object */ = {
			isa = PBXProject;
			attributes = {
				LastSwiftUpdateCheck = 0940;
				LastUpgradeCheck = 0940;
				ORGANIZATIONNAME = "Rajat Jain";
				TargetAttributes = {
					18D050FF210B909000DC4405 = {
						CreatedOnToolsVersion = 9.4;
					};
				};
			};
			buildConfigurationList = 18D050FB210B909000DC4405 /* Build configuration list for PBXProject "OrMan" */;
			compatibilityVersion = "Xcode 9.3";
			developmentRegion = en;
			hasScannedForEncodings = 0;
			knownRegions = (
				en,
				Base,
			);
			mainGroup = 18D050F7210B909000DC4405;
			productRefGroup = 18D05101210B909000DC4405 /* Products */;
			projectDirPath = "";
			projectRoot = "";
			targets = (
				18D050FF210B909000DC4405 /* OrMan */,
			);
		};
/* End PBXProject section */

/* Begin PBXResourcesBuildPhase section */
		18D050FE210B909000DC4405 /* Resources */ = {
			isa = PBXResourcesBuildPhase;
			buildActionMask = 2147483647;
			files = (
				18A33D3C210CAC9C0050B5B8 /* LaunchScreen.storyboard in Resources */,
				18D0510E210B909100DC4405 /* Assets.xcassets in Resources */,
				18D05109210B909000DC4405 /* Main.storyboard in Resources */,
			);
			runOnlyForDeploymentPostprocessing = 0;
		};
/* End PBXResourcesBuildPhase section */

/* Begin PBXSourcesBuildPhase section */
		18D050FC210B909000DC4405 /* Sources */ = {
			isa = PBXSourcesBuildPhase;
			buildActionMask = 2147483647;
			files = (
				18D05106210B909000DC4405 /* CustomerViewController.swift in Sources */,
				18D05104210B909000DC4405 /* AppDelegate.swift in Sources */,
				183920B0210F7ED100E0D860 /* OrManData.xcdatamodeld in Sources */,
				183920B2210F82A300E0D860 /* OrderViewController.swift in Sources */,
			);
			runOnlyForDeploymentPostprocessing = 0;
		};
/* End PBXSourcesBuildPhase section */

/* Begin PBXVariantGroup section */
		18D05107210B909000DC4405 /* Main.storyboard */ = {
			isa = PBXVariantGroup;
			children = (
				18D05108210B909000DC4405 /* Base */,
			);
			name = Main.storyboard;
			sourceTree = "<group>";
		};
/* End PBXVariantGroup section */

/* Begin XCBuildConfiguration section */
		18D05113210B909100DC4405 /* Debug */ = {
			isa = XCBuildConfiguration;
			buildSettings = {
				ALWAYS_SEARCH_USER_PATHS = NO;
				CLANG_ANALYZER_NONNULL = YES;
				CLANG_ANALYZER_NUMBER_OBJECT_CONVERSION = YES_AGGRESSIVE;
				CLANG_CXX_LANGUAGE_STANDARD = "gnu++14";
				CLANG_CXX_LIBRARY = "libc++";
				CLANG_ENABLE_MODULES = YES;
				CLANG_ENABLE_OBJC_ARC = YES;
				CLANG_ENABLE_OBJC_WEAK = YES;
				CLANG_WARN_BLOCK_CAPTURE_AUTORELEASING = YES;
				CLANG_WARN_BOOL_CONVERSION = YES;
				CLANG_WARN_COMMA = YES;
				CLANG_WARN_CONSTANT_CONVERSION = YES;
				CLANG_WARN_DEPRECATED_OBJC_IMPLEMENTATIONS = YES;
				CLANG_WARN_DIRECT_OBJC_ISA_USAGE = YES_ERROR;
				CLANG_WARN_DOCUMENTATION_COMMENTS = YES;
				CLANG_WARN_EMPTY_BODY = YES;
				CLANG_WARN_ENUM_CONVERSION = YES;
				CLANG_WARN_INFINITE_RECURSION = YES;
				CLANG_WARN_INT_CONVERSION = YES;
				CLANG_WARN_NON_LITERAL_NULL_CONVERSION = YES;
				CLANG_WARN_OBJC_IMPLICIT_RETAIN_SELF = YES;
				CLANG_WARN_OBJC_LITERAL_CONVERSION = YES;
				CLANG_WARN_OBJC_ROOT_CLASS = YES_ERROR;
				CLANG_WARN_RANGE_LOOP_ANALYSIS = YES;
				CLANG_WARN_STRICT_PROTOTYPES = YES;
				CLANG_WARN_SUSPICIOUS_MOVE = YES;
				CLANG_WARN_UNGUARDED_AVAILABILITY = YES_AGGRESSIVE;
				CLANG_WARN_UNREACHABLE_CODE = YES;
				CLANG_WARN__DUPLICATE_METHOD_MATCH = YES;
				CODE_SIGN_IDENTITY = "iPhone Developer";
				COPY_PHASE_STRIP = NO;
				DEBUG_INFORMATION_FORMAT = dwarf;
				ENABLE_STRICT_OBJC_MSGSEND = YES;
				ENABLE_TESTABILITY = YES;
				GCC_C_LANGUAGE_STANDARD = gnu11;
				GCC_DYNAMIC_NO_PIC = NO;
				GCC_NO_COMMON_BLOCKS = YES;
				GCC_OPTIMIZATION_LEVEL = 0;
				GCC_PREPROCESSOR_DEFINITIONS = (
					"DEBUG=1",
					"$(inherited)",
				);
				GCC_WARN_64_TO_32_BIT_CONVERSION = YES;
				GCC_WARN_ABOUT_RETURN_TYPE = YES_ERROR;
				GCC_WARN_UNDECLARED_SELECTOR = YES;
				GCC_WARN_UNINITIALIZED_AUTOS = YES_AGGRESSIVE;
				GCC_WARN_UNUSED_FUNCTION = YES;
				GCC_WARN_UNUSED_VARIABLE = YES;
				IPHONEOS_DEPLOYMENT_TARGET = 11.4;
				MTL_ENABLE_DEBUG_INFO = YES;
				ONLY_ACTIVE_ARCH = YES;
				SDKROOT = iphoneos;
				SWIFT_ACTIVE_COMPILATION_CONDITIONS = DEBUG;
				SWIFT_OPTIMIZATION_LEVEL = "-Onone";
			};
			name = Debug;
		};
		18D05114210B909100DC4405 /* Release */ = {
			isa = XCBuildConfiguration;
			buildSettings = {
				ALWAYS_SEARCH_USER_PATHS = NO;
				CLANG_ANALYZER_NONNULL = YES;
				CLANG_ANALYZER_NUMBER_OBJECT_CONVERSION = YES_AGGRESSIVE;
				CLANG_CXX_LANGUAGE_STANDARD = "gnu++14";
				CLANG_CXX_LIBRARY = "libc++";
				CLANG_ENABLE_MODULES = YES;
				CLANG_ENABLE_OBJC_ARC = YES;
				CLANG_ENABLE_OBJC_WEAK = YES;
				CLANG_WARN_BLOCK_CAPTURE_AUTORELEASING = YES;
				CLANG_WARN_BOOL_CONVERSION = YES;
				CLANG_WARN_COMMA = YES;
				CLANG_WARN_CONSTANT_CONVERSION = YES;
				CLANG_WARN_DEPRECATED_OBJC_IMPLEMENTATIONS = YES;
				CLANG_WARN_DIRECT_OBJC_ISA_USAGE = YES_ERROR;
				CLANG_WARN_DOCUMENTATION_COMMENTS = YES;
				CLANG_WARN_EMPTY_BODY = YES;
				CLANG_WARN_ENUM_CONVERSION = YES;
				CLANG_WARN_INFINITE_RECURSION = YES;
				CLANG_WARN_INT_CONVERSION = YES;
				CLANG_WARN_NON_LITERAL_NULL_CONVERSION = YES;
				CLANG_WARN_OBJC_IMPLICIT_RETAIN_SELF = YES;
				CLANG_WARN_OBJC_LITERAL_CONVERSION = YES;
				CLANG_WARN_OBJC_ROOT_CLASS = YES_ERROR;
				CLANG_WARN_RANGE_LOOP_ANALYSIS = YES;
				CLANG_WARN_STRICT_PROTOTYPES = YES;
				CLANG_WARN_SUSPICIOUS_MOVE = YES;
				CLANG_WARN_UNGUARDED_AVAILABILITY = YES_AGGRESSIVE;
				CLANG_WARN_UNREACHABLE_CODE = YES;
				CLANG_WARN__DUPLICATE_METHOD_MATCH = YES;
				CODE_SIGN_IDENTITY = "iPhone Developer";
				COPY_PHASE_STRIP = NO;
				DEBUG_INFORMATION_FORMAT = "dwarf-with-dsym";
				ENABLE_NS_ASSERTIONS = NO;
				ENABLE_STRICT_OBJC_MSGSEND = YES;
				GCC_C_LANGUAGE_STANDARD = gnu11;
				GCC_NO_COMMON_BLOCKS = YES;
				GCC_WARN_64_TO_32_BIT_CONVERSION = YES;
				GCC_WARN_ABOUT_RETURN_TYPE = YES_ERROR;
				GCC_WARN_UNDECLARED_SELECTOR = YES;
				GCC_WARN_UNINITIALIZED_AUTOS = YES_AGGRESSIVE;
				GCC_WARN_UNUSED_FUNCTION = YES;
				GCC_WARN_UNUSED_VARIABLE = YES;
				IPHONEOS_DEPLOYMENT_TARGET = 11.4;
				MTL_ENABLE_DEBUG_INFO = NO;
				SDKROOT = iphoneos;
				SWIFT_COMPILATION_MODE = wholemodule;
				SWIFT_OPTIMIZATION_LEVEL = "-O";
				VALIDATE_PRODUCT = YES;
			};
			name = Release;
		};
		18D05116210B909100DC4405 /* Debug */ = {
			isa = XCBuildConfiguration;
			buildSettings = {
				ASSETCATALOG_COMPILER_APPICON_NAME = AppIcon;
				CODE_SIGN_STYLE = Automatic;
				DEVELOPMENT_TEAM = H87B3E4KY3;
				INFOPLIST_FILE = OrMan/Info.plist;
				IPHONEOS_DEPLOYMENT_TARGET = 11.4;
				LD_RUNPATH_SEARCH_PATHS = (
					"$(inherited)",
					"@executable_path/Frameworks",
				);
				PRODUCT_BUNDLE_IDENTIFIER = rajatjain.OrMan;
				PRODUCT_NAME = "$(TARGET_NAME)";
				SWIFT_VERSION = 4.0;
				TARGETED_DEVICE_FAMILY = "1,2";
			};
			name = Debug;
		};
		18D05117210B909100DC4405 /* Release */ = {
			isa = XCBuildConfiguration;
			buildSettings = {
				ASSETCATALOG_COMPILER_APPICON_NAME = AppIcon;
				CODE_SIGN_STYLE = Automatic;
				DEVELOPMENT_TEAM = H87B3E4KY3;
				INFOPLIST_FILE = OrMan/Info.plist;
				IPHONEOS_DEPLOYMENT_TARGET = 11.4;
				LD_RUNPATH_SEARCH_PATHS = (
					"$(inherited)",
					"@executable_path/Frameworks",
				);
				PRODUCT_BUNDLE_IDENTIFIER = rajatjain.OrMan;
				PRODUCT_NAME = "$(TARGET_NAME)";
				SWIFT_VERSION = 4.0;
				TARGETED_DEVICE_FAMILY = "1,2";
			};
			name = Release;
		};
/* End XCBuildConfiguration section */

/* Begin XCConfigurationList section */
		18D050FB210B909000DC4405 /* Build configuration list for PBXProject "OrMan" */ = {
			isa = XCConfigurationList;
			buildConfigurations = (
				18D05113210B909100DC4405 /* Debug */,
				18D05114210B909100DC4405 /* Release */,
			);
			defaultConfigurationIsVisible = 0;
			defaultConfigurationName = Release;
		};
		18D05115210B909100DC4405 /* Build configuration list for PBXNativeTarget "OrMan" */ = {
			isa = XCConfigurationList;
			buildConfigurations = (
				18D05116210B909100DC4405 /* Debug */,
				18D05117210B909100DC4405 /* Release */,
			);
			defaultConfigurationIsVisible = 0;
			defaultConfigurationName = Release;
		};
/* End XCConfigurationList section */

/* Begin XCVersionGroup section */
		183920AE210F7ED100E0D860 /* OrManData.xcdatamodeld */ = {
			isa = XCVersionGroup;
			children = (
				183920AF210F7ED100E0D860 /* OrManData.xcdatamodel */,
			);
			currentVersion = 183920AF210F7ED100E0D860 /* OrManData.xcdatamodel */;
			path = OrManData.xcdatamodeld;
			sourceTree = "<group>";
			versionGroupType = wrapper.xcdatamodel;
		};
/* End XCVersionGroup section */
	};
	rootObject = 18D050F8210B909000DC4405 /* Project object */;
}
